
Microsoft Visual Studio Solution File, Format Version 12.00
# Visual Studio Version 16
VisualStudioVersion = 16.0.31515.178
MinimumVisualStudioVersion = 10.0.40219.1
Project("{FAE04EC0-301F-11D3-BF4B-00C04F79EFBC}") = "FireVolumeLimit", "FireVolumeLimit.csproj", "{341A3F3F-8357-477B-9756-69A9521E4A0B}"
EndProject
Global
	GlobalSection(SolutionConfigurationPlatforms) = preSolution
		Debug|Any CPU = Debug|Any CPU
		Release|Any CPU = Release|Any CPU
	EndGlobalSection
	GlobalSection(ProjectConfigurationPlatforms) = postSolution
		{341A3F3F-8357-477B-9756-69A9521E4A0B}.Debug|Any CPU.ActiveCfg = Debug|Any CPU
		{341A3F3F-8357-477B-9756-69A9521E4A0B}.Debug|Any CPU.Build.0 = Debug|Any CPU
		{341A3F3F-8357-477B-9756-69A9521E4A0B}.Release|Any CPU.ActiveCfg = Release|Any CPU
		{341A3F3F-8357-477B-9756-69A9521E4A0B}.Release|Any CPU.Build.0 = Release|Any CPU
	EndGlobalSection
	GlobalSection(SolutionProperties) = preSolution
		HideSolutionNode = FALSE
	EndGlobalSection
	GlobalSection(ExtensibilityGlobals) = postSolution
		SolutionGuid = {290101F7-4F6E-40E2-8F0E-DA733AA35E66}
	EndGlobalSection
EndGlobal
